// !$*UTF8*$!
{
	archiveVersion = 1;
	classes = {
	};
	objectVersion = 46;
	objects = {

/* Begin PBXBuildFile section */
		43C08F4FB1CB52E338BC806B /* Pods_ios_client_rap.framework in Frameworks */ = {isa = PBXBuildFile; fileRef = D765CBCE135407EB90A79785 /* Pods_ios_client_rap.framework */; };
		BB33A0D31E90FDDD00FFCE29 /* CoreBluetooth.framework in Frameworks */ = {isa = PBXBuildFile; fileRef = BB33A0D21E90FDDD00FFCE29 /* CoreBluetooth.framework */; };
		BB33A0DA1E91003000FFCE29 /* MuseManager.m in Sources */ = {isa = PBXBuildFile; fileRef = BB33A0D91E91003000FFCE29 /* MuseManager.m */; };
		BB33A0DC1E910CD100FFCE29 /* beat.wav in Resources */ = {isa = PBXBuildFile; fileRef = BB33A0DB1E910CD100FFCE29 /* beat.wav */; };
		BB40906A1E90AD2A00AF7582 /* beat1.mp3 in Resources */ = {isa = PBXBuildFile; fileRef = BB4090671E90AD2A00AF7582 /* beat1.mp3 */; };
		BB40906B1E90AD2A00AF7582 /* beat2.mp3 in Resources */ = {isa = PBXBuildFile; fileRef = BB4090681E90AD2A00AF7582 /* beat2.mp3 */; };
		BB40906C1E90AD2A00AF7582 /* beat3.mp3 in Resources */ = {isa = PBXBuildFile; fileRef = BB4090691E90AD2A00AF7582 /* beat3.mp3 */; };
		BBAF9FC81E8FC22900CB8DE0 /* AppDelegate.swift in Sources */ = {isa = PBXBuildFile; fileRef = BBAF9FC71E8FC22900CB8DE0 /* AppDelegate.swift */; };
		BBAF9FCA1E8FC22900CB8DE0 /* ViewController.swift in Sources */ = {isa = PBXBuildFile; fileRef = BBAF9FC91E8FC22900CB8DE0 /* ViewController.swift */; };
		BBAF9FCD1E8FC22A00CB8DE0 /* Main.storyboard in Resources */ = {isa = PBXBuildFile; fileRef = BBAF9FCB1E8FC22A00CB8DE0 /* Main.storyboard */; };
		BBAF9FCF1E8FC22A00CB8DE0 /* Assets.xcassets in Resources */ = {isa = PBXBuildFile; fileRef = BBAF9FCE1E8FC22A00CB8DE0 /* Assets.xcassets */; };
		BBAF9FD21E8FC22A00CB8DE0 /* LaunchScreen.storyboard in Resources */ = {isa = PBXBuildFile; fileRef = BBAF9FD01E8FC22A00CB8DE0 /* LaunchScreen.storyboard */; };
		BBAF9FDA1E8FCD9E00CB8DE0 /* AWSCognitoCredentialsKeys.swift in Sources */ = {isa = PBXBuildFile; fileRef = BBAF9FD91E8FCD9E00CB8DE0 /* AWSCognitoCredentialsKeys.swift */; };
		BBAF9FDC1E8FCEBC00CB8DE0 /* AWSPollyManager.swift in Sources */ = {isa = PBXBuildFile; fileRef = BBAF9FDB1E8FCEBC00CB8DE0 /* AWSPollyManager.swift */; };
		BBAF9FDE1E8FD12300CB8DE0 /* AWSConfiguration.plist in Resources */ = {isa = PBXBuildFile; fileRef = BBAF9FDD1E8FD12300CB8DE0 /* AWSConfiguration.plist */; };
		BBDA72A81E90FC3900040CAD /* libc++.1.tbd in Frameworks */ = {isa = PBXBuildFile; fileRef = BBDA72A71E90FC3900040CAD /* libc++.1.tbd */; };
		BBEA44231E8FE711009FDC81 /* AudioToolbox.framework in Frameworks */ = {isa = PBXBuildFile; fileRef = BBEA44221E8FE711009FDC81 /* AudioToolbox.framework */; };
		BBEA44251E8FE729009FDC81 /* CoreMedia.framework in Frameworks */ = {isa = PBXBuildFile; fileRef = BBEA44241E8FE729009FDC81 /* CoreMedia.framework */; };
		BBEA444F1E8FE811009FDC81 /* AVFoundation.framework in Frameworks */ = {isa = PBXBuildFile; fileRef = BBEA444E1E8FE811009FDC81 /* AVFoundation.framework */; };
		BBEA44511E8FE832009FDC81 /* MediaPlayer.framework in Frameworks */ = {isa = PBXBuildFile; fileRef = BBEA44501E8FE832009FDC81 /* MediaPlayer.framework */; };
		BBEA445D1E8FF130009FDC81 /* SceneKit.framework in Frameworks */ = {isa = PBXBuildFile; fileRef = BBEA445C1E8FF130009FDC81 /* SceneKit.framework */; };
		BBEA445F1E8FF284009FDC81 /* Grid.swift in Sources */ = {isa = PBXBuildFile; fileRef = BBEA445E1E8FF284009FDC81 /* Grid.swift */; };
		BBEA44611E8FF2FA009FDC81 /* FrequencyBand.swift in Sources */ = {isa = PBXBuildFile; fileRef = BBEA44601E8FF2FA009FDC81 /* FrequencyBand.swift */; };
		BBEA44631E8FF30D009FDC81 /* UIColorExtensions.swift in Sources */ = {isa = PBXBuildFile; fileRef = BBEA44621E8FF30D009FDC81 /* UIColorExtensions.swift */; };
		BBEA44651E90116C009FDC81 /* sound.mp3 in Resources */ = {isa = PBXBuildFile; fileRef = BBEA44641E90116C009FDC81 /* sound.mp3 */; };
/* End PBXBuildFile section */

/* Begin PBXCopyFilesBuildPhase section */
		BBDA72A31E90FBEB00040CAD /* Embed Frameworks */ = {
			isa = PBXCopyFilesBuildPhase;
			buildActionMask = 2147483647;
			dstPath = "";
			dstSubfolderSpec = 10;
			files = (
			);
			name = "Embed Frameworks";
			runOnlyForDeploymentPostprocessing = 0;
		};
/* End PBXCopyFilesBuildPhase section */

/* Begin PBXFileReference section */
		0B7301B98225DDF2656F5A5A /* Pods-ios-client-rap.debug.xcconfig */ = {isa = PBXFileReference; includeInIndex = 1; lastKnownFileType = text.xcconfig; name = "Pods-ios-client-rap.debug.xcconfig"; path = "Pods/Target Support Files/Pods-ios-client-rap/Pods-ios-client-rap.debug.xcconfig"; sourceTree = "<group>"; };
		BB33A0D21E90FDDD00FFCE29 /* CoreBluetooth.framework */ = {isa = PBXFileReference; lastKnownFileType = wrapper.framework; name = CoreBluetooth.framework; path = System/Library/Frameworks/CoreBluetooth.framework; sourceTree = SDKROOT; };
		BB33A0D81E91003000FFCE29 /* MuseManager.h */ = {isa = PBXFileReference; fileEncoding = 4; lastKnownFileType = sourcecode.c.h; path = MuseManager.h; sourceTree = "<group>"; };
		BB33A0D91E91003000FFCE29 /* MuseManager.m */ = {isa = PBXFileReference; fileEncoding = 4; lastKnownFileType = sourcecode.c.objc; path = MuseManager.m; sourceTree = "<group>"; };
		BB33A0DB1E910CD100FFCE29 /* beat.wav */ = {isa = PBXFileReference; lastKnownFileType = audio.wav; path = beat.wav; sourceTree = "<group>"; };
		BB4090671E90AD2A00AF7582 /* beat1.mp3 */ = {isa = PBXFileReference; lastKnownFileType = audio.mp3; path = beat1.mp3; sourceTree = "<group>"; };
		BB4090681E90AD2A00AF7582 /* beat2.mp3 */ = {isa = PBXFileReference; lastKnownFileType = audio.mp3; path = beat2.mp3; sourceTree = "<group>"; };
		BB4090691E90AD2A00AF7582 /* beat3.mp3 */ = {isa = PBXFileReference; lastKnownFileType = audio.mp3; path = beat3.mp3; sourceTree = "<group>"; };
		BBAF9FC41E8FC22900CB8DE0 /* ios-client-rap.app */ = {isa = PBXFileReference; explicitFileType = wrapper.application; includeInIndex = 0; path = "ios-client-rap.app"; sourceTree = BUILT_PRODUCTS_DIR; };
		BBAF9FC71E8FC22900CB8DE0 /* AppDelegate.swift */ = {isa = PBXFileReference; lastKnownFileType = sourcecode.swift; path = AppDelegate.swift; sourceTree = "<group>"; };
		BBAF9FC91E8FC22900CB8DE0 /* ViewController.swift */ = {isa = PBXFileReference; lastKnownFileType = sourcecode.swift; path = ViewController.swift; sourceTree = "<group>"; };
		BBAF9FCC1E8FC22A00CB8DE0 /* Base */ = {isa = PBXFileReference; lastKnownFileType = file.storyboard; name = Base; path = Base.lproj/Main.storyboard; sourceTree = "<group>"; };
		BBAF9FCE1E8FC22A00CB8DE0 /* Assets.xcassets */ = {isa = PBXFileReference; lastKnownFileType = folder.assetcatalog; path = Assets.xcassets; sourceTree = "<group>"; };
		BBAF9FD11E8FC22A00CB8DE0 /* Base */ = {isa = PBXFileReference; lastKnownFileType = file.storyboard; name = Base; path = Base.lproj/LaunchScreen.storyboard; sourceTree = "<group>"; };
		BBAF9FD31E8FC22A00CB8DE0 /* Info.plist */ = {isa = PBXFileReference; lastKnownFileType = text.plist.xml; path = Info.plist; sourceTree = "<group>"; };
		BBAF9FD91E8FCD9E00CB8DE0 /* AWSCognitoCredentialsKeys.swift */ = {isa = PBXFileReference; fileEncoding = 4; lastKnownFileType = sourcecode.swift; path = AWSCognitoCredentialsKeys.swift; sourceTree = "<group>"; };
		BBAF9FDB1E8FCEBC00CB8DE0 /* AWSPollyManager.swift */ = {isa = PBXFileReference; fileEncoding = 4; lastKnownFileType = sourcecode.swift; path = AWSPollyManager.swift; sourceTree = "<group>"; };
		BBAF9FDD1E8FD12300CB8DE0 /* AWSConfiguration.plist */ = {isa = PBXFileReference; fileEncoding = 4; lastKnownFileType = text.plist.xml; path = AWSConfiguration.plist; sourceTree = "<group>"; };
		BBDA72A71E90FC3900040CAD /* libc++.1.tbd */ = {isa = PBXFileReference; lastKnownFileType = "sourcecode.text-based-dylib-definition"; name = "libc++.1.tbd"; path = "usr/lib/libc++.1.tbd"; sourceTree = SDKROOT; };
		BBEA44221E8FE711009FDC81 /* AudioToolbox.framework */ = {isa = PBXFileReference; lastKnownFileType = wrapper.framework; name = AudioToolbox.framework; path = System/Library/Frameworks/AudioToolbox.framework; sourceTree = SDKROOT; };
		BBEA44241E8FE729009FDC81 /* CoreMedia.framework */ = {isa = PBXFileReference; lastKnownFileType = wrapper.framework; name = CoreMedia.framework; path = System/Library/Frameworks/CoreMedia.framework; sourceTree = SDKROOT; };
		BBEA44281E8FE74D009FDC81 /* ios-client-rap-Bridging-Header.h */ = {isa = PBXFileReference; lastKnownFileType = sourcecode.c.h; path = "ios-client-rap-Bridging-Header.h"; sourceTree = "<group>"; };
		BBEA444E1E8FE811009FDC81 /* AVFoundation.framework */ = {isa = PBXFileReference; lastKnownFileType = wrapper.framework; name = AVFoundation.framework; path = System/Library/Frameworks/AVFoundation.framework; sourceTree = SDKROOT; };
		BBEA44501E8FE832009FDC81 /* MediaPlayer.framework */ = {isa = PBXFileReference; lastKnownFileType = wrapper.framework; name = MediaPlayer.framework; path = System/Library/Frameworks/MediaPlayer.framework; sourceTree = SDKROOT; };
		BBEA445C1E8FF130009FDC81 /* SceneKit.framework */ = {isa = PBXFileReference; lastKnownFileType = wrapper.framework; name = SceneKit.framework; path = System/Library/Frameworks/SceneKit.framework; sourceTree = SDKROOT; };
		BBEA445E1E8FF284009FDC81 /* Grid.swift */ = {isa = PBXFileReference; fileEncoding = 4; lastKnownFileType = sourcecode.swift; path = Grid.swift; sourceTree = "<group>"; };
		BBEA44601E8FF2FA009FDC81 /* FrequencyBand.swift */ = {isa = PBXFileReference; fileEncoding = 4; lastKnownFileType = sourcecode.swift; path = FrequencyBand.swift; sourceTree = "<group>"; };
		BBEA44621E8FF30D009FDC81 /* UIColorExtensions.swift */ = {isa = PBXFileReference; fileEncoding = 4; lastKnownFileType = sourcecode.swift; path = UIColorExtensions.swift; sourceTree = "<group>"; };
		BBEA44641E90116C009FDC81 /* sound.mp3 */ = {isa = PBXFileReference; lastKnownFileType = audio.mp3; path = sound.mp3; sourceTree = "<group>"; };
		D71EE761469F5E4432052950 /* Pods-ios-client-rap.release.xcconfig */ = {isa = PBXFileReference; includeInIndex = 1; lastKnownFileType = text.xcconfig; name = "Pods-ios-client-rap.release.xcconfig"; path = "Pods/Target Support Files/Pods-ios-client-rap/Pods-ios-client-rap.release.xcconfig"; sourceTree = "<group>"; };
		D765CBCE135407EB90A79785 /* Pods_ios_client_rap.framework */ = {isa = PBXFileReference; explicitFileType = wrapper.framework; includeInIndex = 0; path = Pods_ios_client_rap.framework; sourceTree = BUILT_PRODUCTS_DIR; };
/* End PBXFileReference section */

/* Begin PBXFrameworksBuildPhase section */
		BBAF9FC11E8FC22900CB8DE0 /* Frameworks */ = {
			isa = PBXFrameworksBuildPhase;
			buildActionMask = 2147483647;
			files = (
				BB33A0D31E90FDDD00FFCE29 /* CoreBluetooth.framework in Frameworks */,
				BBDA72A81E90FC3900040CAD /* libc++.1.tbd in Frameworks */,
				BBEA445D1E8FF130009FDC81 /* SceneKit.framework in Frameworks */,
				BBEA44511E8FE832009FDC81 /* MediaPlayer.framework in Frameworks */,
				BBEA444F1E8FE811009FDC81 /* AVFoundation.framework in Frameworks */,
				BBEA44251E8FE729009FDC81 /* CoreMedia.framework in Frameworks */,
				BBEA44231E8FE711009FDC81 /* AudioToolbox.framework in Frameworks */,
				43C08F4FB1CB52E338BC806B /* Pods_ios_client_rap.framework in Frameworks */,
			);
			runOnlyForDeploymentPostprocessing = 0;
		};
/* End PBXFrameworksBuildPhase section */

/* Begin PBXGroup section */
		BB4090661E90AD1C00AF7582 /* sounds */ = {
			isa = PBXGroup;
			children = (
				BB33A0DB1E910CD100FFCE29 /* beat.wav */,
				BB4090671E90AD2A00AF7582 /* beat1.mp3 */,
				BB4090681E90AD2A00AF7582 /* beat2.mp3 */,
				BB4090691E90AD2A00AF7582 /* beat3.mp3 */,
			);
			name = sounds;
			sourceTree = "<group>";
		};
		BBAF9FBB1E8FC22900CB8DE0 = {
			isa = PBXGroup;
			children = (
				BBAF9FC61E8FC22900CB8DE0 /* ios-client-rap */,
				BBAF9FC51E8FC22900CB8DE0 /* Products */,
				FFD642A69338FE892815A8D2 /* Pods */,
				EA52A3B84BEA2579F08F3D21 /* Frameworks */,
			);
			sourceTree = "<group>";
		};
		BBAF9FC51E8FC22900CB8DE0 /* Products */ = {
			isa = PBXGroup;
			children = (
				BBAF9FC41E8FC22900CB8DE0 /* ios-client-rap.app */,
			);
			name = Products;
			sourceTree = "<group>";
		};
		BBAF9FC61E8FC22900CB8DE0 /* ios-client-rap */ = {
			isa = PBXGroup;
			children = (
				BB4090661E90AD1C00AF7582 /* sounds */,
				BBEA44641E90116C009FDC81 /* sound.mp3 */,
				BBAF9FC71E8FC22900CB8DE0 /* AppDelegate.swift */,
				BBAF9FC91E8FC22900CB8DE0 /* ViewController.swift */,
				BB33A0D81E91003000FFCE29 /* MuseManager.h */,
				BB33A0D91E91003000FFCE29 /* MuseManager.m */,
				BBEA445E1E8FF284009FDC81 /* Grid.swift */,
				BBEA44601E8FF2FA009FDC81 /* FrequencyBand.swift */,
				BBEA44621E8FF30D009FDC81 /* UIColorExtensions.swift */,
				BBAF9FCB1E8FC22A00CB8DE0 /* Main.storyboard */,
				BBAF9FCE1E8FC22A00CB8DE0 /* Assets.xcassets */,
				BBAF9FD01E8FC22A00CB8DE0 /* LaunchScreen.storyboard */,
				BBAF9FD31E8FC22A00CB8DE0 /* Info.plist */,
				BBAF9FD91E8FCD9E00CB8DE0 /* AWSCognitoCredentialsKeys.swift */,
				BBAF9FDB1E8FCEBC00CB8DE0 /* AWSPollyManager.swift */,
				BBAF9FDD1E8FD12300CB8DE0 /* AWSConfiguration.plist */,
				BBEA44281E8FE74D009FDC81 /* ios-client-rap-Bridging-Header.h */,
			);
			path = "ios-client-rap";
			sourceTree = "<group>";
		};
		EA52A3B84BEA2579F08F3D21 /* Frameworks */ = {
			isa = PBXGroup;
			children = (
				BB33A0D21E90FDDD00FFCE29 /* CoreBluetooth.framework */,
				BBDA72A71E90FC3900040CAD /* libc++.1.tbd */,
				BBEA445C1E8FF130009FDC81 /* SceneKit.framework */,
				BBEA44501E8FE832009FDC81 /* MediaPlayer.framework */,
				BBEA444E1E8FE811009FDC81 /* AVFoundation.framework */,
				BBEA44241E8FE729009FDC81 /* CoreMedia.framework */,
				BBEA44221E8FE711009FDC81 /* AudioToolbox.framework */,
				D765CBCE135407EB90A79785 /* Pods_ios_client_rap.framework */,
			);
			name = Frameworks;
			sourceTree = "<group>";
		};
		FFD642A69338FE892815A8D2 /* Pods */ = {
			isa = PBXGroup;
			children = (
				0B7301B98225DDF2656F5A5A /* Pods-ios-client-rap.debug.xcconfig */,
				D71EE761469F5E4432052950 /* Pods-ios-client-rap.release.xcconfig */,
			);
			name = Pods;
			sourceTree = "<group>";
		};
/* End PBXGroup section */

/* Begin PBXNativeTarget section */
		BBAF9FC31E8FC22900CB8DE0 /* ios-client-rap */ = {
			isa = PBXNativeTarget;
			buildConfigurationList = BBAF9FD61E8FC22A00CB8DE0 /* Build configuration list for PBXNativeTarget "ios-client-rap" */;
			buildPhases = (
				36A483A11AFC4DB09F491117 /* [CP] Check Pods Manifest.lock */,
				BBAF9FC01E8FC22900CB8DE0 /* Sources */,
				BBAF9FC11E8FC22900CB8DE0 /* Frameworks */,
				BBAF9FC21E8FC22900CB8DE0 /* Resources */,
				4A5027CFE1437EB454965BEC /* [CP] Embed Pods Frameworks */,
				A3F632CC6E0FC44778222C06 /* [CP] Copy Pods Resources */,
				BBDA72A31E90FBEB00040CAD /* Embed Frameworks */,
			);
			buildRules = (
			);
			dependencies = (
			);
			name = "ios-client-rap";
			productName = "ios-client-rap";
			productReference = BBAF9FC41E8FC22900CB8DE0 /* ios-client-rap.app */;
			productType = "com.apple.product-type.application";
		};
/* End PBXNativeTarget section */

/* Begin PBXProject section */
		BBAF9FBC1E8FC22900CB8DE0 /* Project object */ = {
			isa = PBXProject;
			attributes = {
				LastSwiftUpdateCheck = 0830;
				LastUpgradeCheck = 0830;
				ORGANIZATIONNAME = "Remi Robert";
				TargetAttributes = {
					BBAF9FC31E8FC22900CB8DE0 = {
						CreatedOnToolsVersion = 8.3;
						DevelopmentTeam = 44Q2J6374R;
						LastSwiftMigration = 0830;
						ProvisioningStyle = Automatic;
					};
				};
			};
			buildConfigurationList = BBAF9FBF1E8FC22900CB8DE0 /* Build configuration list for PBXProject "ios-client-rap" */;
			compatibilityVersion = "Xcode 3.2";
			developmentRegion = English;
			hasScannedForEncodings = 0;
			knownRegions = (
				en,
				Base,
			);
			mainGroup = BBAF9FBB1E8FC22900CB8DE0;
			productRefGroup = BBAF9FC51E8FC22900CB8DE0 /* Products */;
			projectDirPath = "";
			projectRoot = "";
			targets = (
				BBAF9FC31E8FC22900CB8DE0 /* ios-client-rap */,
			);
		};
/* End PBXProject section */

/* Begin PBXResourcesBuildPhase section */
		BBAF9FC21E8FC22900CB8DE0 /* Resources */ = {
			isa = PBXResourcesBuildPhase;
			buildActionMask = 2147483647;
			files = (
				BB40906B1E90AD2A00AF7582 /* beat2.mp3 in Resources */,
				BBAF9FD21E8FC22A00CB8DE0 /* LaunchScreen.storyboard in Resources */,
				BBEA44651E90116C009FDC81 /* sound.mp3 in Resources */,
				BBAF9FCF1E8FC22A00CB8DE0 /* Assets.xcassets in Resources */,
				BB40906A1E90AD2A00AF7582 /* beat1.mp3 in Resources */,
				BB33A0DC1E910CD100FFCE29 /* beat.wav in Resources */,
				BB40906C1E90AD2A00AF7582 /* beat3.mp3 in Resources */,
				BBAF9FCD1E8FC22A00CB8DE0 /* Main.storyboard in Resources */,
				BBAF9FDE1E8FD12300CB8DE0 /* AWSConfiguration.plist in Resources */,
			);
			runOnlyForDeploymentPostprocessing = 0;
		};
/* End PBXResourcesBuildPhase section */

/* Begin PBXShellScriptBuildPhase section */
		36A483A11AFC4DB09F491117 /* [CP] Check Pods Manifest.lock */ = {
			isa = PBXShellScriptBuildPhase;
			buildActionMask = 2147483647;
			files = (
			);
			inputPaths = (
			);
			name = "[CP] Check Pods Manifest.lock";
			outputPaths = (
			);
			runOnlyForDeploymentPostprocessing = 0;
			shellPath = /bin/sh;
			shellScript = "diff \"${PODS_ROOT}/../Podfile.lock\" \"${PODS_ROOT}/Manifest.lock\" > /dev/null\nif [ $? != 0 ] ; then\n    # print error to STDERR\n    echo \"error: The sandbox is not in sync with the Podfile.lock. Run 'pod install' or update your CocoaPods installation.\" >&2\n    exit 1\nfi\n";
			showEnvVarsInLog = 0;
		};
		4A5027CFE1437EB454965BEC /* [CP] Embed Pods Frameworks */ = {
			isa = PBXShellScriptBuildPhase;
			buildActionMask = 2147483647;
			files = (
			);
			inputPaths = (
			);
			name = "[CP] Embed Pods Frameworks";
			outputPaths = (
			);
			runOnlyForDeploymentPostprocessing = 0;
			shellPath = /bin/sh;
			shellScript = "\"${SRCROOT}/Pods/Target Support Files/Pods-ios-client-rap/Pods-ios-client-rap-frameworks.sh\"\n";
			showEnvVarsInLog = 0;
		};
		A3F632CC6E0FC44778222C06 /* [CP] Copy Pods Resources */ = {
			isa = PBXShellScriptBuildPhase;
			buildActionMask = 2147483647;
			files = (
			);
			inputPaths = (
			);
			name = "[CP] Copy Pods Resources";
			outputPaths = (
			);
			runOnlyForDeploymentPostprocessing = 0;
			shellPath = /bin/sh;
			shellScript = "\"${SRCROOT}/Pods/Target Support Files/Pods-ios-client-rap/Pods-ios-client-rap-resources.sh\"\n";
			showEnvVarsInLog = 0;
		};
/* End PBXShellScriptBuildPhase section */

/* Begin PBXSourcesBuildPhase section */
		BBAF9FC01E8FC22900CB8DE0 /* Sources */ = {
			isa = PBXSourcesBuildPhase;
			buildActionMask = 2147483647;
			files = (
				BBAF9FDC1E8FCEBC00CB8DE0 /* AWSPollyManager.swift in Sources */,
				BBEA44631E8FF30D009FDC81 /* UIColorExtensions.swift in Sources */,
				BBAF9FCA1E8FC22900CB8DE0 /* ViewController.swift in Sources */,
				BBAF9FC81E8FC22900CB8DE0 /* AppDelegate.swift in Sources */,
				BBEA445F1E8FF284009FDC81 /* Grid.swift in Sources */,
				BB33A0DA1E91003000FFCE29 /* MuseManager.m in Sources */,
				BBAF9FDA1E8FCD9E00CB8DE0 /* AWSCognitoCredentialsKeys.swift in Sources */,
				BBEA44611E8FF2FA009FDC81 /* FrequencyBand.swift in Sources */,
			);
			runOnlyForDeploymentPostprocessing = 0;
		};
/* End PBXSourcesBuildPhase section */

/* Begin PBXVariantGroup section */
		BBAF9FCB1E8FC22A00CB8DE0 /* Main.storyboard */ = {
			isa = PBXVariantGroup;
			children = (
				BBAF9FCC1E8FC22A00CB8DE0 /* Base */,
			);
			name = Main.storyboard;
			sourceTree = "<group>";
		};
		BBAF9FD01E8FC22A00CB8DE0 /* LaunchScreen.storyboard */ = {
			isa = PBXVariantGroup;
			children = (
				BBAF9FD11E8FC22A00CB8DE0 /* Base */,
			);
			name = LaunchScreen.storyboard;
			sourceTree = "<group>";
		};
/* End PBXVariantGroup section */

/* Begin XCBuildConfiguration section */
		BBAF9FD41E8FC22A00CB8DE0 /* Debug */ = {
			isa = XCBuildConfiguration;
			buildSettings = {
				ALWAYS_SEARCH_USER_PATHS = NO;
				CLANG_ANALYZER_NONNULL = YES;
				CLANG_ANALYZER_NUMBER_OBJECT_CONVERSION = YES_AGGRESSIVE;
				CLANG_CXX_LANGUAGE_STANDARD = "gnu++0x";
				CLANG_CXX_LIBRARY = "libc++";
				CLANG_ENABLE_MODULES = YES;
				CLANG_ENABLE_OBJC_ARC = YES;
				CLANG_WARN_BOOL_CONVERSION = YES;
				CLANG_WARN_CONSTANT_CONVERSION = YES;
				CLANG_WARN_DIRECT_OBJC_ISA_USAGE = YES_ERROR;
				CLANG_WARN_DOCUMENTATION_COMMENTS = YES;
				CLANG_WARN_EMPTY_BODY = YES;
				CLANG_WARN_ENUM_CONVERSION = YES;
				CLANG_WARN_INFINITE_RECURSION = YES;
				CLANG_WARN_INT_CONVERSION = YES;
				CLANG_WARN_OBJC_ROOT_CLASS = YES_ERROR;
				CLANG_WARN_SUSPICIOUS_MOVE = YES;
				CLANG_WARN_UNREACHABLE_CODE = YES;
				CLANG_WARN__DUPLICATE_METHOD_MATCH = YES;
				"CODE_SIGN_IDENTITY[sdk=iphoneos*]" = "iPhone Developer";
				COPY_PHASE_STRIP = NO;
				DEBUG_INFORMATION_FORMAT = dwarf;
				ENABLE_STRICT_OBJC_MSGSEND = YES;
				ENABLE_TESTABILITY = YES;
				GCC_C_LANGUAGE_STANDARD = gnu99;
				GCC_DYNAMIC_NO_PIC = NO;
				GCC_NO_COMMON_BLOCKS = YES;
				GCC_OPTIMIZATION_LEVEL = 0;
				GCC_PREPROCESSOR_DEFINITIONS = (
					"DEBUG=1",
					"$(inherited)",
				);
				GCC_WARN_64_TO_32_BIT_CONVERSION = YES;
				GCC_WARN_ABOUT_RETURN_TYPE = YES_ERROR;
				GCC_WARN_UNDECLARED_SELECTOR = YES;
				GCC_WARN_UNINITIALIZED_AUTOS = YES_AGGRESSIVE;
				GCC_WARN_UNUSED_FUNCTION = YES;
				GCC_WARN_UNUSED_VARIABLE = YES;
				IPHONEOS_DEPLOYMENT_TARGET = 10.3;
				MTL_ENABLE_DEBUG_INFO = YES;
				ONLY_ACTIVE_ARCH = YES;
				SDKROOT = iphoneos;
				SWIFT_ACTIVE_COMPILATION_CONDITIONS = DEBUG;
				SWIFT_OPTIMIZATION_LEVEL = "-Onone";
				TARGETED_DEVICE_FAMILY = "1,2";
			};
			name = Debug;
		};
		BBAF9FD51E8FC22A00CB8DE0 /* Release */ = {
			isa = XCBuildConfiguration;
			buildSettings = {
				ALWAYS_SEARCH_USER_PATHS = NO;
				CLANG_ANALYZER_NONNULL = YES;
				CLANG_ANALYZER_NUMBER_OBJECT_CONVERSION = YES_AGGRESSIVE;
				CLANG_CXX_LANGUAGE_STANDARD = "gnu++0x";
				CLANG_CXX_LIBRARY = "libc++";
				CLANG_ENABLE_MODULES = YES;
				CLANG_ENABLE_OBJC_ARC = YES;
				CLANG_WARN_BOOL_CONVERSION = YES;
				CLANG_WARN_CONSTANT_CONVERSION = YES;
				CLANG_WARN_DIRECT_OBJC_ISA_USAGE = YES_ERROR;
				CLANG_WARN_DOCUMENTATION_COMMENTS = YES;
				CLANG_WARN_EMPTY_BODY = YES;
				CLANG_WARN_ENUM_CONVERSION = YES;
				CLANG_WARN_INFINITE_RECURSION = YES;
				CLANG_WARN_INT_CONVERSION = YES;
				CLANG_WARN_OBJC_ROOT_CLASS = YES_ERROR;
				CLANG_WARN_SUSPICIOUS_MOVE = YES;
				CLANG_WARN_UNREACHABLE_CODE = YES;
				CLANG_WARN__DUPLICATE_METHOD_MATCH = YES;
				"CODE_SIGN_IDENTITY[sdk=iphoneos*]" = "iPhone Developer";
				COPY_PHASE_STRIP = NO;
				DEBUG_INFORMATION_FORMAT = "dwarf-with-dsym";
				ENABLE_NS_ASSERTIONS = NO;
				ENABLE_STRICT_OBJC_MSGSEND = YES;
				GCC_C_LANGUAGE_STANDARD = gnu99;
				GCC_NO_COMMON_BLOCKS = YES;
				GCC_WARN_64_TO_32_BIT_CONVERSION = YES;
				GCC_WARN_ABOUT_RETURN_TYPE = YES_ERROR;
				GCC_WARN_UNDECLARED_SELECTOR = YES;
				GCC_WARN_UNINITIALIZED_AUTOS = YES_AGGRESSIVE;
				GCC_WARN_UNUSED_FUNCTION = YES;
				GCC_WARN_UNUSED_VARIABLE = YES;
				IPHONEOS_DEPLOYMENT_TARGET = 10.3;
				MTL_ENABLE_DEBUG_INFO = NO;
				SDKROOT = iphoneos;
				SWIFT_OPTIMIZATION_LEVEL = "-Owholemodule";
				TARGETED_DEVICE_FAMILY = "1,2";
				VALIDATE_PRODUCT = YES;
			};
			name = Release;
		};
		BBAF9FD71E8FC22A00CB8DE0 /* Debug */ = {
			isa = XCBuildConfiguration;
			baseConfigurationReference = 0B7301B98225DDF2656F5A5A /* Pods-ios-client-rap.debug.xcconfig */;
			buildSettings = {
				ASSETCATALOG_COMPILER_APPICON_NAME = AppIcon;
				CLANG_ENABLE_MODULES = YES;
				DEVELOPMENT_TEAM = 44Q2J6374R;
				ENABLE_BITCODE = NO;
				FRAMEWORK_SEARCH_PATHS = (
					"$(inherited)",
					"$(PROJECT_DIR)/ios-client-rap",
				);
				INFOPLIST_FILE = "ios-client-rap/Info.plist";
				LD_RUNPATH_SEARCH_PATHS = "$(inherited) @executable_path/Frameworks $(PROJECT_DIR)/Audio3DVisualizer/Frameworks/SuperPowered";
				LIBRARY_SEARCH_PATHS = (
					"$(inherited)",
					"$(PROJECT_DIR)/ios-client-rap",
					"$(PROJECT_DIR)/SuperPowered",
					"$(PROJECT_DIR)/Audio3DVisualizer/Frameworks/SuperPowered",
				);
				OTHER_LDFLAGS = (
					"$(inherited)",
					"-framework",
					"\"AWSCore\"",
					"-framework",
					"\"AWSPolly\"",
					"-framework",
					"\"Alamofire\"",
					"-framework",
					"\"AudioIndicatorBars\"",
					"-framework",
					"\"ChainableAnimations\"",
					"-framework",
					"\"SnapKit\"",
					"-framework",
					"\"VSSpritz\"",
					"-framework",
					"\"VisualEffectView\"",
					"-lc++",
				);
				PRODUCT_BUNDLE_IDENTIFIER = "com.remirobert.ios-client-rap";
				PRODUCT_NAME = "$(TARGET_NAME)";
				SWIFT_OBJC_BRIDGING_HEADER = "ios-client-rap/ios-client-rap-Bridging-Header.h";
				SWIFT_OPTIMIZATION_LEVEL = "-Onone";
				SWIFT_VERSION = 3.0;
			};
			name = Debug;
		};
		BBAF9FD81E8FC22A00CB8DE0 /* Release */ = {
			isa = XCBuildConfiguration;
			baseConfigurationReference = D71EE761469F5E4432052950 /* Pods-ios-client-rap.release.xcconfig */;
			buildSettings = {
				ASSETCATALOG_COMPILER_APPICON_NAME = AppIcon;
				CLANG_ENABLE_MODULES = YES;
				DEVELOPMENT_TEAM = 44Q2J6374R;
				ENABLE_BITCODE = NO;
				FRAMEWORK_SEARCH_PATHS = (
					"$(inherited)",
					"$(PROJECT_DIR)/ios-client-rap",
				);
				INFOPLIST_FILE = "ios-client-rap/Info.plist";
				LD_RUNPATH_SEARCH_PATHS = "$(inherited) @executable_path/Frameworks $(PROJECT_DIR)/Audio3DVisualizer/Frameworks/SuperPowered";
				LIBRARY_SEARCH_PATHS = (
					"$(inherited)",
					"$(PROJECT_DIR)/ios-client-rap",
					"$(PROJECT_DIR)/SuperPowered",
					"$(PROJECT_DIR)/Audio3DVisualizer/Frameworks/SuperPowered",
				);
				OTHER_LDFLAGS = (
					"$(inherited)",
					"-framework",
					"\"AWSCore\"",
					"-framework",
					"\"AWSPolly\"",
					"-framework",
					"\"Alamofire\"",
					"-framework",
					"\"AudioIndicatorBars\"",
					"-framework",
					"\"ChainableAnimations\"",
					"-framework",
					"\"SnapKit\"",
					"-framework",
					"\"VSSpritz\"",
					"-framework",
					"\"VisualEffectView\"",
					"-lc++",
				);
				PRODUCT_BUNDLE_IDENTIFIER = "com.remirobert.ios-client-rap";
				PRODUCT_NAME = "$(TARGET_NAME)";
				SWIFT_OBJC_BRIDGING_HEADER = "ios-client-rap/ios-client-rap-Bridging-Header.h";
				SWIFT_VERSION = 3.0;
			};
			name = Release;
		};
/* End XCBuildConfiguration section */

/* Begin XCConfigurationList section */
		BBAF9FBF1E8FC22900CB8DE0 /* Build configuration list for PBXProject "ios-client-rap" */ = {
			isa = XCConfigurationList;
			buildConfigurations = (
				BBAF9FD41E8FC22A00CB8DE0 /* Debug */,
				BBAF9FD51E8FC22A00CB8DE0 /* Release */,
			);
			defaultConfigurationIsVisible = 0;
			defaultConfigurationName = Release;
		};
		BBAF9FD61E8FC22A00CB8DE0 /* Build configuration list for PBXNativeTarget "ios-client-rap" */ = {
			isa = XCConfigurationList;
			buildConfigurations = (
				BBAF9FD71E8FC22A00CB8DE0 /* Debug */,
				BBAF9FD81E8FC22A00CB8DE0 /* Release */,
			);
			defaultConfigurationIsVisible = 0;
			defaultConfigurationName = Release;
		};
/* End XCConfigurationList section */
	};
	rootObject = BBAF9FBC1E8FC22900CB8DE0 /* Project object */;
}
